// !$*UTF8*$!
{
	archiveVersion = 1;
	classes = {
	};
	objectVersion = 50;
	objects = {

/* Begin PBXBuildFile section */
		D73BB66524EC47E500D30D3B /* AppDelegate.swift in Sources */ = {isa = PBXBuildFile; fileRef = D73BB66424EC47E500D30D3B /* AppDelegate.swift */; };
		D73BB66724EC47E500D30D3B /* SceneDelegate.swift in Sources */ = {isa = PBXBuildFile; fileRef = D73BB66624EC47E500D30D3B /* SceneDelegate.swift */; };
		D73BB66924EC47E500D30D3B /* ViewController.swift in Sources */ = {isa = PBXBuildFile; fileRef = D73BB66824EC47E500D30D3B /* ViewController.swift */; };
		D73BB66C24EC47E500D30D3B /* Main.storyboard in Resources */ = {isa = PBXBuildFile; fileRef = D73BB66A24EC47E500D30D3B /* Main.storyboard */; };
		D73BB66E24EC47E800D30D3B /* Assets.xcassets in Resources */ = {isa = PBXBuildFile; fileRef = D73BB66D24EC47E800D30D3B /* Assets.xcassets */; };
		D73BB67124EC47E800D30D3B /* LaunchScreen.storyboard in Resources */ = {isa = PBXBuildFile; fileRef = D73BB66F24EC47E800D30D3B /* LaunchScreen.storyboard */; };
		D73BB67F24EC4B7D00D30D3B /* Localizable.strings in Resources */ = {isa = PBXBuildFile; fileRef = D73BB67D24EC4B7C00D30D3B /* Localizable.strings */; };
		D73BB68324EC656800D30D3B /* Extensions.swift in Sources */ = {isa = PBXBuildFile; fileRef = D73BB68224EC656800D30D3B /* Extensions.swift */; };
/* End PBXBuildFile section */

/* Begin PBXFileReference section */
		D73BB66124EC47E500D30D3B /* LocalizeExample.app */ = {isa = PBXFileReference; explicitFileType = wrapper.application; includeInIndex = 0; path = LocalizeExample.app; sourceTree = BUILT_PRODUCTS_DIR; };
		D73BB66424EC47E500D30D3B /* AppDelegate.swift */ = {isa = PBXFileReference; lastKnownFileType = sourcecode.swift; path = AppDelegate.swift; sourceTree = "<group>"; };
		D73BB66624EC47E500D30D3B /* SceneDelegate.swift */ = {isa = PBXFileReference; lastKnownFileType = sourcecode.swift; path = SceneDelegate.swift; sourceTree = "<group>"; };
		D73BB66824EC47E500D30D3B /* ViewController.swift */ = {isa = PBXFileReference; lastKnownFileType = sourcecode.swift; path = ViewController.swift; sourceTree = "<group>"; };
		D73BB66B24EC47E500D30D3B /* Base */ = {isa = PBXFileReference; lastKnownFileType = file.storyboard; name = Base; path = Base.lproj/Main.storyboard; sourceTree = "<group>"; };
		D73BB66D24EC47E800D30D3B /* Assets.xcassets */ = {isa = PBXFileReference; lastKnownFileType = folder.assetcatalog; path = Assets.xcassets; sourceTree = "<group>"; };
		D73BB67024EC47E800D30D3B /* Base */ = {isa = PBXFileReference; lastKnownFileType = file.storyboard; name = Base; path = Base.lproj/LaunchScreen.storyboard; sourceTree = "<group>"; };
		D73BB67224EC47E800D30D3B /* Info.plist */ = {isa = PBXFileReference; lastKnownFileType = text.plist.xml; path = Info.plist; sourceTree = "<group>"; };
		D73BB67E24EC4B7C00D30D3B /* en */ = {isa = PBXFileReference; lastKnownFileType = text.plist.strings; name = en; path = en.lproj/Localizable.strings; sourceTree = "<group>"; };
		D73BB68024EC4BBE00D30D3B /* ru */ = {isa = PBXFileReference; lastKnownFileType = text.plist.strings; name = ru; path = ru.lproj/Localizable.strings; sourceTree = "<group>"; };
		D73BB68124EC4BDF00D30D3B /* fr */ = {isa = PBXFileReference; lastKnownFileType = text.plist.strings; name = fr; path = fr.lproj/Localizable.strings; sourceTree = "<group>"; };
		D73BB68224EC656800D30D3B /* Extensions.swift */ = {isa = PBXFileReference; lastKnownFileType = sourcecode.swift; path = Extensions.swift; sourceTree = "<group>"; };
/* End PBXFileReference section */

/* Begin PBXFrameworksBuildPhase section */
		D73BB65E24EC47E500D30D3B /* Frameworks */ = {
			isa = PBXFrameworksBuildPhase;
			buildActionMask = 2147483647;
			files = (
			);
			runOnlyForDeploymentPostprocessing = 0;
		};
/* End PBXFrameworksBuildPhase section */

/* Begin PBXGroup section */
		D73BB65824EC47E500D30D3B = {
			isa = PBXGroup;
			children = (
				D73BB66324EC47E500D30D3B /* LocalizeExample */,
				D73BB66224EC47E500D30D3B /* Products */,
			);
			sourceTree = "<group>";
		};
		D73BB66224EC47E500D30D3B /* Products */ = {
			isa = PBXGroup;
			children = (
				D73BB66124EC47E500D30D3B /* LocalizeExample.app */,
			);
			name = Products;
			sourceTree = "<group>";
		};
		D73BB66324EC47E500D30D3B /* LocalizeExample */ = {
			isa = PBXGroup;
			children = (
				D73BB66424EC47E500D30D3B /* AppDelegate.swift */,
				D73BB66624EC47E500D30D3B /* SceneDelegate.swift */,
				D73BB68224EC656800D30D3B /* Extensions.swift */,
				D73BB66824EC47E500D30D3B /* ViewController.swift */,
				D73BB66A24EC47E500D30D3B /* Main.storyboard */,
				D73BB66D24EC47E800D30D3B /* Assets.xcassets */,
				D73BB66F24EC47E800D30D3B /* LaunchScreen.storyboard */,
				D73BB67D24EC4B7C00D30D3B /* Localizable.strings */,
				D73BB67224EC47E800D30D3B /* Info.plist */,
			);
			path = LocalizeExample;
			sourceTree = "<group>";
		};
/* End PBXGroup section */

/* Begin PBXNativeTarget section */
		D73BB66024EC47E500D30D3B /* LocalizeExample */ = {
			isa = PBXNativeTarget;
			buildConfigurationList = D73BB67524EC47E800D30D3B /* Build configuration list for PBXNativeTarget "LocalizeExample" */;
			buildPhases = (
				D73BB65D24EC47E500D30D3B /* Sources */,
				D73BB65E24EC47E500D30D3B /* Frameworks */,
				D73BB65F24EC47E500D30D3B /* Resources */,
			);
			buildRules = (
			);
			dependencies = (
			);
			name = LocalizeExample;
			productName = LocalizeExample;
			productReference = D73BB66124EC47E500D30D3B /* LocalizeExample.app */;
			productType = "com.apple.product-type.application";
		};
/* End PBXNativeTarget section */

/* Begin PBXProject section */
		D73BB65924EC47E500D30D3B /* Project object */ = {
			isa = PBXProject;
			attributes = {
				LastSwiftUpdateCheck = 1160;
				LastUpgradeCheck = 1160;
				ORGANIZATIONNAME = mishe1;
				TargetAttributes = {
					D73BB66024EC47E500D30D3B = {
						CreatedOnToolsVersion = 11.6;
					};
				};
			};
			buildConfigurationList = D73BB65C24EC47E500D30D3B /* Build configuration list for PBXProject "LocalizeExample" */;
			compatibilityVersion = "Xcode 9.3";
			developmentRegion = en;
			hasScannedForEncodings = 0;
			knownRegions = (
				en,
				Base,
				ru,
				fr,
			);
			mainGroup = D73BB65824EC47E500D30D3B;
			productRefGroup = D73BB66224EC47E500D30D3B /* Products */;
			projectDirPath = "";
			projectRoot = "";
			targets = (
				D73BB66024EC47E500D30D3B /* LocalizeExample */,
			);
		};
/* End PBXProject section */

/* Begin PBXResourcesBuildPhase section */
		D73BB65F24EC47E500D30D3B /* Resources */ = {
			isa = PBXResourcesBuildPhase;
			buildActionMask = 2147483647;
			files = (
				D73BB67124EC47E800D30D3B /* LaunchScreen.storyboard in Resources */,
				D73BB67F24EC4B7D00D30D3B /* Localizable.strings in Resources */,
				D73BB66E24EC47E800D30D3B /* Assets.xcassets in Resources */,
				D73BB66C24EC47E500D30D3B /* Main.storyboard in Resources */,
			);
			runOnlyForDeploymentPostprocessing = 0;
		};
/* End PBXResourcesBuildPhase section */

/* Begin PBXSourcesBuildPhase section */
		D73BB65D24EC47E500D30D3B /* Sources */ = {
			isa = PBXSourcesBuildPhase;
			buildActionMask = 2147483647;
			files = (
				D73BB66924EC47E500D30D3B /* ViewController.swift in Sources */,
				D73BB66524EC47E500D30D3B /* AppDelegate.swift in Sources */,
				D73BB66724EC47E500D30D3B /* SceneDelegate.swift in Sources */,
				D73BB68324EC656800D30D3B /* Extensions.swift in Sources */,
			);
			runOnlyForDeploymentPostprocessing = 0;
		};
/* End PBXSourcesBuildPhase section */

/* Begin PBXVariantGroup section */
		D73BB66A24EC47E500D30D3B /* Main.storyboard */ = {
			isa = PBXVariantGroup;
			children = (
				D73BB66B24EC47E500D30D3B /* Base */,
			);
			name = Main.storyboard;
			sourceTree = "<group>";
		};
		D73BB66F24EC47E800D30D3B /* LaunchScreen.storyboard */ = {
			isa = PBXVariantGroup;
			children = (
				D73BB67024EC47E800D30D3B /* Base */,
			);
			name = LaunchScreen.storyboard;
			sourceTree = "<group>";
		};
		D73BB67D24EC4B7C00D30D3B /* Localizable.strings */ = {
			isa = PBXVariantGroup;
			children = (
				D73BB67E24EC4B7C00D30D3B /* en */,
				D73BB68024EC4BBE00D30D3B /* ru */,
				D73BB68124EC4BDF00D30D3B /* fr */,
			);
			name = Localizable.strings;
			sourceTree = "<group>";
		};
/* End PBXVariantGroup section */

/* Begin XCBuildConfiguration section */
		D73BB67324EC47E800D30D3B /* Debug */ = {
			isa = XCBuildConfiguration;
			buildSettings = {
				ALWAYS_SEARCH_USER_PATHS = NO;
				CLANG_ANALYZER_LOCALIZABILITY_NONLOCALIZED = YES;
				CLANG_ANALYZER_NONNULL = YES;
				CLANG_ANALYZER_NUMBER_OBJECT_CONVERSION = YES_AGGRESSIVE;
				CLANG_CXX_LANGUAGE_STANDARD = "gnu++14";
				CLANG_CXX_LIBRARY = "libc++";
				CLANG_ENABLE_MODULES = YES;
				CLANG_ENABLE_OBJC_ARC = YES;
				CLANG_ENABLE_OBJC_WEAK = YES;
				CLANG_WARN_BLOCK_CAPTURE_AUTORELEASING = YES;
				CLANG_WARN_BOOL_CONVERSION = YES;
				CLANG_WARN_COMMA = YES;
				CLANG_WARN_CONSTANT_CONVERSION = YES;
				CLANG_WARN_DEPRECATED_OBJC_IMPLEMENTATIONS = YES;
				CLANG_WARN_DIRECT_OBJC_ISA_USAGE = YES_ERROR;
				CLANG_WARN_DOCUMENTATION_COMMENTS = YES;
				CLANG_WARN_EMPTY_BODY = YES;
				CLANG_WARN_ENUM_CONVERSION = YES;
				CLANG_WARN_INFINITE_RECURSION = YES;
				CLANG_WARN_INT_CONVERSION = YES;
				CLANG_WARN_NON_LITERAL_NULL_CONVERSION = YES;
				CLANG_WARN_OBJC_IMPLICIT_RETAIN_SELF = YES;
				CLANG_WARN_OBJC_LITERAL_CONVERSION = YES;
				CLANG_WARN_OBJC_ROOT_CLASS = YES_ERROR;
				CLANG_WARN_RANGE_LOOP_ANALYSIS = YES;
				CLANG_WARN_STRICT_PROTOTYPES = YES;
				CLANG_WARN_SUSPICIOUS_MOVE = YES;
				CLANG_WARN_UNGUARDED_AVAILABILITY = YES_AGGRESSIVE;
				CLANG_WARN_UNREACHABLE_CODE = YES;
				CLANG_WARN__DUPLICATE_METHOD_MATCH = YES;
				COPY_PHASE_STRIP = NO;
				DEBUG_INFORMATION_FORMAT = dwarf;
				ENABLE_STRICT_OBJC_MSGSEND = YES;
				ENABLE_TESTABILITY = YES;
				GCC_C_LANGUAGE_STANDARD = gnu11;
				GCC_DYNAMIC_NO_PIC = NO;
				GCC_NO_COMMON_BLOCKS = YES;
				GCC_OPTIMIZATION_LEVEL = 0;
				GCC_PREPROCESSOR_DEFINITIONS = (
					"DEBUG=1",
					"$(inherited)",
				);
				GCC_WARN_64_TO_32_BIT_CONVERSION = YES;
				GCC_WARN_ABOUT_RETURN_TYPE = YES_ERROR;
				GCC_WARN_UNDECLARED_SELECTOR = YES;
				GCC_WARN_UNINITIALIZED_AUTOS = YES_AGGRESSIVE;
				GCC_WARN_UNUSED_FUNCTION = YES;
				GCC_WARN_UNUSED_VARIABLE = YES;
				IPHONEOS_DEPLOYMENT_TARGET = 13.6;
				MTL_ENABLE_DEBUG_INFO = INCLUDE_SOURCE;
				MTL_FAST_MATH = YES;
				ONLY_ACTIVE_ARCH = YES;
				SDKROOT = iphoneos;
				SWIFT_ACTIVE_COMPILATION_CONDITIONS = DEBUG;
				SWIFT_OPTIMIZATION_LEVEL = "-Onone";
			};
			name = Debug;
		};
		D73BB67424EC47E800D30D3B /* Release */ = {
			isa = XCBuildConfiguration;
			buildSettings = {
				ALWAYS_SEARCH_USER_PATHS = NO;
				CLANG_ANALYZER_LOCALIZABILITY_NONLOCALIZED = YES;
				CLANG_ANALYZER_NONNULL = YES;
				CLANG_ANALYZER_NUMBER_OBJECT_CONVERSION = YES_AGGRESSIVE;
				CLANG_CXX_LANGUAGE_STANDARD = "gnu++14";
				CLANG_CXX_LIBRARY = "libc++";
				CLANG_ENABLE_MODULES = YES;
				CLANG_ENABLE_OBJC_ARC = YES;
				CLANG_ENABLE_OBJC_WEAK = YES;
				CLANG_WARN_BLOCK_CAPTURE_AUTORELEASING = YES;
				CLANG_WARN_BOOL_CONVERSION = YES;
				CLANG_WARN_COMMA = YES;
				CLANG_WARN_CONSTANT_CONVERSION = YES;
				CLANG_WARN_DEPRECATED_OBJC_IMPLEMENTATIONS = YES;
				CLANG_WARN_DIRECT_OBJC_ISA_USAGE = YES_ERROR;
				CLANG_WARN_DOCUMENTATION_COMMENTS = YES;
				CLANG_WARN_EMPTY_BODY = YES;
				CLANG_WARN_ENUM_CONVERSION = YES;
				CLANG_WARN_INFINITE_RECURSION = YES;
				CLANG_WARN_INT_CONVERSION = YES;
				CLANG_WARN_NON_LITERAL_NULL_CONVERSION = YES;
				CLANG_WARN_OBJC_IMPLICIT_RETAIN_SELF = YES;
				CLANG_WARN_OBJC_LITERAL_CONVERSION = YES;
				CLANG_WARN_OBJC_ROOT_CLASS = YES_ERROR;
				CLANG_WARN_RANGE_LOOP_ANALYSIS = YES;
				CLANG_WARN_STRICT_PROTOTYPES = YES;
				CLANG_WARN_SUSPICIOUS_MOVE = YES;
				CLANG_WARN_UNGUARDED_AVAILABILITY = YES_AGGRESSIVE;
				CLANG_WARN_UNREACHABLE_CODE = YES;
				CLANG_WARN__DUPLICATE_METHOD_MATCH = YES;
				COPY_PHASE_STRIP = NO;
				DEBUG_INFORMATION_FORMAT = "dwarf-with-dsym";
				ENABLE_NS_ASSERTIONS = NO;
				ENABLE_STRICT_OBJC_MSGSEND = YES;
				GCC_C_LANGUAGE_STANDARD = gnu11;
				GCC_NO_COMMON_BLOCKS = YES;
				GCC_WARN_64_TO_32_BIT_CONVERSION = YES;
				GCC_WARN_ABOUT_RETURN_TYPE = YES_ERROR;
				GCC_WARN_UNDECLARED_SELECTOR = YES;
				GCC_WARN_UNINITIALIZED_AUTOS = YES_AGGRESSIVE;
				GCC_WARN_UNUSED_FUNCTION = YES;
				GCC_WARN_UNUSED_VARIABLE = YES;
				IPHONEOS_DEPLOYMENT_TARGET = 13.6;
				MTL_ENABLE_DEBUG_INFO = NO;
				MTL_FAST_MATH = YES;
				SDKROOT = iphoneos;
				SWIFT_COMPILATION_MODE = wholemodule;
				SWIFT_OPTIMIZATION_LEVEL = "-O";
				VALIDATE_PRODUCT = YES;
			};
			name = Release;
		};
		D73BB67624EC47E800D30D3B /* Debug */ = {
			isa = XCBuildConfiguration;
			buildSettings = {
				ASSETCATALOG_COMPILER_APPICON_NAME = AppIcon;
				CODE_SIGN_STYLE = Automatic;
				INFOPLIST_FILE = LocalizeExample/Info.plist;
				LD_RUNPATH_SEARCH_PATHS = (
					"$(inherited)",
					"@executable_path/Frameworks",
				);
				PRODUCT_BUNDLE_IDENTIFIER = ru.mishe1.LocalizeExample;
				PRODUCT_NAME = "$(TARGET_NAME)";
				SWIFT_VERSION = 5.0;
				TARGETED_DEVICE_FAMILY = "1,2";
			};
			name = Debug;
		};
		D73BB67724EC47E800D30D3B /* Release */ = {
			isa = XCBuildConfiguration;
			buildSettings = {
				ASSETCATALOG_COMPILER_APPICON_NAME = AppIcon;
				CODE_SIGN_STYLE = Automatic;
				INFOPLIST_FILE = LocalizeExample/Info.plist;
				LD_RUNPATH_SEARCH_PATHS = (
					"$(inherited)",
					"@executable_path/Frameworks",
				);
				PRODUCT_BUNDLE_IDENTIFIER = ru.mishe1.LocalizeExample;
				PRODUCT_NAME = "$(TARGET_NAME)";
				SWIFT_VERSION = 5.0;
				TARGETED_DEVICE_FAMILY = "1,2";
			};
			name = Release;
		};
/* End XCBuildConfiguration section */

/* Begin XCConfigurationList section */
		D73BB65C24EC47E500D30D3B /* Build configuration list for PBXProject "LocalizeExample" */ = {
			isa = XCConfigurationList;
			buildConfigurations = (
				D73BB67324EC47E800D30D3B /* Debug */,
				D73BB67424EC47E800D30D3B /* Release */,
			);
			defaultConfigurationIsVisible = 0;
			defaultConfigurationName = Release;
		};
		D73BB67524EC47E800D30D3B /* Build configuration list for PBXNativeTarget "LocalizeExample" */ = {
			isa = XCConfigurationList;
			buildConfigurations = (
				D73BB67624EC47E800D30D3B /* Debug */,
				D73BB67724EC47E800D30D3B /* Release */,
			);
			defaultConfigurationIsVisible = 0;
			defaultConfigurationName = Release;
		};
/* End XCConfigurationList section */
	};
	rootObject = D73BB65924EC47E500D30D3B /* Project object */;
}
